
Microsoft Visual Studio Solution File, Format Version 12.00
# Visual Studio Version 17
VisualStudioVersion = 17.0.31903.59
MinimumVisualStudioVersion = 10.0.40219.1
Project("{2150E333-8FDC-42A3-9474-1A3956D46DE8}") = "src", "src", "{920D509D-F387-42B7-AA7D-7E371BA1B0C0}"
EndProject
Project("{2150E333-8FDC-42A3-9474-1A3956D46DE8}") = "Services", "Services", "{50470172-03B4-46DA-9778-C7ECDCA27C4D}"
EndProject
Project("{2150E333-8FDC-42A3-9474-1A3956D46DE8}") = "Identity", "Identity", "{EBFED3BD-8F1F-4FFD-81DE-F783D78081E8}"
EndProject
Project("{9A19103F-16F7-4668-BE54-9A1E7A4F7556}") = "LMS.Identity.API", "src\Services\Identity\LMS.Identity.API\LMS.Identity.API.csproj", "{A1386964-062A-4838-863E-2DA4F15E32D9}"
EndProject
Project("{2150E333-8FDC-42A3-9474-1A3956D46DE8}") = "Mono", "Mono", "{89997D6E-3EA1-4F2D-9757-E5855D13AE61}"
EndProject
Project("{9A19103F-16F7-4668-BE54-9A1E7A4F7556}") = "LMS.Mono.API", "src\Services\Mono\LMS.Mono.API\LMS.Mono.API.csproj", "{C712C519-41F2-4AFC-A9A6-0D21E71DCB52}"
EndProject
Project("{2150E333-8FDC-42A3-9474-1A3956D46DE8}") = "BooksRecord", "BooksRecord", "{A915A3EA-386F-473C-B127-1F94F33362CA}"
EndProject
Project("{9A19103F-16F7-4668-BE54-9A1E7A4F7556}") = "LMS.BooksRecordService.API", "src\Services\BooksRecord\LMS.BooksRecordService.API\LMS.BooksRecordService.API.csproj", "{9A3CB1E4-E964-4347-90CA-76186D852C04}"
EndProject
Project("{2150E333-8FDC-42A3-9474-1A3956D46DE8}") = "BorrowersRecord", "BorrowersRecord", "{3C07B944-3345-463E-8B25-D8267AEB0387}"
EndProject
Project("{9A19103F-16F7-4668-BE54-9A1E7A4F7556}") = "LMS.BorrowersRecord.API", "src\Services\BorrowersRecord\LMS.BorrowersRecord.API\LMS.BorrowersRecord.API.csproj", "{EFEB73E3-E731-4E20-A7F8-6FA40263F887}"
EndProject
Project("{2150E333-8FDC-42A3-9474-1A3956D46DE8}") = "Common", "Common", "{5637DFAF-15E9-40DD-9545-BA9157CD0498}"
EndProject
Project("{FAE04EC0-301F-11D3-BF4B-00C04F79EFBC}") = "LMS.Application.Common", "src\Common\LMS.Application.Common\LMS.Application.Common.csproj", "{987C9C1E-C156-4FA0-BC32-CADB124A28F6}"
EndProject
Project("{2150E333-8FDC-42A3-9474-1A3956D46DE8}") = "Clients", "Clients", "{E78F6F88-4C5F-4E03-911B-DD7995862BE7}"
EndProject
Project("{FAE04EC0-301F-11D3-BF4B-00C04F79EFBC}") = "BookClient", "src\Clients\BookClient\BookClient.csproj", "{E1DC1D8E-3CB0-4FDF-A3E7-4CFB6B5550F6}"
EndProject
Global
	GlobalSection(SolutionConfigurationPlatforms) = preSolution
		Debug|Any CPU = Debug|Any CPU
		Release|Any CPU = Release|Any CPU
	EndGlobalSection
	GlobalSection(ProjectConfigurationPlatforms) = postSolution
		{A1386964-062A-4838-863E-2DA4F15E32D9}.Debug|Any CPU.ActiveCfg = Debug|Any CPU
		{A1386964-062A-4838-863E-2DA4F15E32D9}.Debug|Any CPU.Build.0 = Debug|Any CPU
		{A1386964-062A-4838-863E-2DA4F15E32D9}.Release|Any CPU.ActiveCfg = Release|Any CPU
		{A1386964-062A-4838-863E-2DA4F15E32D9}.Release|Any CPU.Build.0 = Release|Any CPU
		{C712C519-41F2-4AFC-A9A6-0D21E71DCB52}.Debug|Any CPU.ActiveCfg = Debug|Any CPU
		{C712C519-41F2-4AFC-A9A6-0D21E71DCB52}.Debug|Any CPU.Build.0 = Debug|Any CPU
		{C712C519-41F2-4AFC-A9A6-0D21E71DCB52}.Release|Any CPU.ActiveCfg = Release|Any CPU
		{C712C519-41F2-4AFC-A9A6-0D21E71DCB52}.Release|Any CPU.Build.0 = Release|Any CPU
		{9A3CB1E4-E964-4347-90CA-76186D852C04}.Debug|Any CPU.ActiveCfg = Debug|Any CPU
		{9A3CB1E4-E964-4347-90CA-76186D852C04}.Debug|Any CPU.Build.0 = Debug|Any CPU
		{9A3CB1E4-E964-4347-90CA-76186D852C04}.Release|Any CPU.ActiveCfg = Release|Any CPU
		{9A3CB1E4-E964-4347-90CA-76186D852C04}.Release|Any CPU.Build.0 = Release|Any CPU
		{EFEB73E3-E731-4E20-A7F8-6FA40263F887}.Debug|Any CPU.ActiveCfg = Debug|Any CPU
		{EFEB73E3-E731-4E20-A7F8-6FA40263F887}.Debug|Any CPU.Build.0 = Debug|Any CPU
		{EFEB73E3-E731-4E20-A7F8-6FA40263F887}.Release|Any CPU.ActiveCfg = Release|Any CPU
		{EFEB73E3-E731-4E20-A7F8-6FA40263F887}.Release|Any CPU.Build.0 = Release|Any CPU
		{02C90992-2159-4764-BA20-39456451B6C8}.Debug|Any CPU.ActiveCfg = Debug|Any CPU
		{02C90992-2159-4764-BA20-39456451B6C8}.Debug|Any CPU.Build.0 = Debug|Any CPU
		{02C90992-2159-4764-BA20-39456451B6C8}.Release|Any CPU.ActiveCfg = Release|Any CPU
		{02C90992-2159-4764-BA20-39456451B6C8}.Release|Any CPU.Build.0 = Release|Any CPU
		{987C9C1E-C156-4FA0-BC32-CADB124A28F6}.Debug|Any CPU.ActiveCfg = Debug|Any CPU
		{987C9C1E-C156-4FA0-BC32-CADB124A28F6}.Debug|Any CPU.Build.0 = Debug|Any CPU
		{987C9C1E-C156-4FA0-BC32-CADB124A28F6}.Release|Any CPU.ActiveCfg = Release|Any CPU
		{987C9C1E-C156-4FA0-BC32-CADB124A28F6}.Release|Any CPU.Build.0 = Release|Any CPU
		{E1DC1D8E-3CB0-4FDF-A3E7-4CFB6B5550F6}.Debug|Any CPU.ActiveCfg = Debug|Any CPU
		{E1DC1D8E-3CB0-4FDF-A3E7-4CFB6B5550F6}.Debug|Any CPU.Build.0 = Debug|Any CPU
		{E1DC1D8E-3CB0-4FDF-A3E7-4CFB6B5550F6}.Release|Any CPU.ActiveCfg = Release|Any CPU
		{E1DC1D8E-3CB0-4FDF-A3E7-4CFB6B5550F6}.Release|Any CPU.Build.0 = Release|Any CPU
	EndGlobalSection
	GlobalSection(SolutionProperties) = preSolution
		HideSolutionNode = FALSE
	EndGlobalSection
	GlobalSection(NestedProjects) = preSolution
		{50470172-03B4-46DA-9778-C7ECDCA27C4D} = {920D509D-F387-42B7-AA7D-7E371BA1B0C0}
		{EBFED3BD-8F1F-4FFD-81DE-F783D78081E8} = {50470172-03B4-46DA-9778-C7ECDCA27C4D}
		{A1386964-062A-4838-863E-2DA4F15E32D9} = {EBFED3BD-8F1F-4FFD-81DE-F783D78081E8}
		{89997D6E-3EA1-4F2D-9757-E5855D13AE61} = {50470172-03B4-46DA-9778-C7ECDCA27C4D}
		{C712C519-41F2-4AFC-A9A6-0D21E71DCB52} = {89997D6E-3EA1-4F2D-9757-E5855D13AE61}
		{A915A3EA-386F-473C-B127-1F94F33362CA} = {50470172-03B4-46DA-9778-C7ECDCA27C4D}
		{9A3CB1E4-E964-4347-90CA-76186D852C04} = {A915A3EA-386F-473C-B127-1F94F33362CA}
		{3C07B944-3345-463E-8B25-D8267AEB0387} = {50470172-03B4-46DA-9778-C7ECDCA27C4D}
		{EFEB73E3-E731-4E20-A7F8-6FA40263F887} = {3C07B944-3345-463E-8B25-D8267AEB0387}
		{5637DFAF-15E9-40DD-9545-BA9157CD0498} = {920D509D-F387-42B7-AA7D-7E371BA1B0C0}
		{987C9C1E-C156-4FA0-BC32-CADB124A28F6} = {5637DFAF-15E9-40DD-9545-BA9157CD0498}
		{E78F6F88-4C5F-4E03-911B-DD7995862BE7} = {920D509D-F387-42B7-AA7D-7E371BA1B0C0}
		{E1DC1D8E-3CB0-4FDF-A3E7-4CFB6B5550F6} = {E78F6F88-4C5F-4E03-911B-DD7995862BE7}
	EndGlobalSection
	GlobalSection(ExtensibilityGlobals) = postSolution
		SolutionGuid = {38AF45D0-DEC0-4FAC-A2C8-4B28586F7F1A}
	EndGlobalSection
EndGlobal
